
Microsoft Visual Studio Solution File, Format Version 12.00
# Visual Studio Version 16
VisualStudioVersion = 16.0.31515.178
MinimumVisualStudioVersion = 10.0.40219.1
Project("{9A19103F-16F7-4668-BE54-9A1E7A4F7556}") = "lab5", "lab5\lab5.csproj", "{0157FCCA-F9D1-4AB7-8565-A82931607EDA}"
EndProject
Project("{FAE04EC0-301F-11D3-BF4B-00C04F79EFBC}") = "lab5Tests", "lab5Tests\lab5Tests.csproj", "{1AA05E26-932A-4E3D-B3D7-0CCFAD013797}"
EndProject
Global
	GlobalSection(SolutionConfigurationPlatforms) = preSolution
		Debug|Any CPU = Debug|Any CPU
		Release|Any CPU = Release|Any CPU
	EndGlobalSection
	GlobalSection(ProjectConfigurationPlatforms) = postSolution
		{0157FCCA-F9D1-4AB7-8565-A82931607EDA}.Debug|Any CPU.ActiveCfg = Debug|Any CPU
		{0157FCCA-F9D1-4AB7-8565-A82931607EDA}.Debug|Any CPU.Build.0 = Debug|Any CPU
		{0157FCCA-F9D1-4AB7-8565-A82931607EDA}.Release|Any CPU.ActiveCfg = Release|Any CPU
		{0157FCCA-F9D1-4AB7-8565-A82931607EDA}.Release|Any CPU.Build.0 = Release|Any CPU
		{1AA05E26-932A-4E3D-B3D7-0CCFAD013797}.Debug|Any CPU.ActiveCfg = Debug|Any CPU
		{1AA05E26-932A-4E3D-B3D7-0CCFAD013797}.Debug|Any CPU.Build.0 = Debug|Any CPU
		{1AA05E26-932A-4E3D-B3D7-0CCFAD013797}.Release|Any CPU.ActiveCfg = Release|Any CPU
		{1AA05E26-932A-4E3D-B3D7-0CCFAD013797}.Release|Any CPU.Build.0 = Release|Any CPU
	EndGlobalSection
	GlobalSection(SolutionProperties) = preSolution
		HideSolutionNode = FALSE
	EndGlobalSection
	GlobalSection(ExtensibilityGlobals) = postSolution
		SolutionGuid = {3E422B95-C8E1-4AFE-81E0-570B3034FB16}
	EndGlobalSection
EndGlobal
