
Microsoft Visual Studio Solution File, Format Version 12.00
# Visual Studio Version 16
VisualStudioVersion = 16.0.31515.178
MinimumVisualStudioVersion = 10.0.40219.1
Project("{FAE04EC0-301F-11D3-BF4B-00C04F79EFBC}") = "task1", "task1\task1.csproj", "{DCA68884-AC8F-491A-892C-FBC61C1AB14B}"
EndProject
Global
	GlobalSection(SolutionConfigurationPlatforms) = preSolution
		Debug|Any CPU = Debug|Any CPU
		Release|Any CPU = Release|Any CPU
	EndGlobalSection
	GlobalSection(ProjectConfigurationPlatforms) = postSolution
		{DCA68884-AC8F-491A-892C-FBC61C1AB14B}.Debug|Any CPU.ActiveCfg = Debug|Any CPU
		{DCA68884-AC8F-491A-892C-FBC61C1AB14B}.Debug|Any CPU.Build.0 = Debug|Any CPU
		{DCA68884-AC8F-491A-892C-FBC61C1AB14B}.Release|Any CPU.ActiveCfg = Release|Any CPU
		{DCA68884-AC8F-491A-892C-FBC61C1AB14B}.Release|Any CPU.Build.0 = Release|Any CPU
	EndGlobalSection
	GlobalSection(SolutionProperties) = preSolution
		HideSolutionNode = FALSE
	EndGlobalSection
	GlobalSection(ExtensibilityGlobals) = postSolution
		SolutionGuid = {56590827-A7CD-4389-9DA9-E9F94F92D928}
	EndGlobalSection
EndGlobal
