
Microsoft Visual Studio Solution File, Format Version 12.00
# Visual Studio Version 16
VisualStudioVersion = 16.0.31515.178
MinimumVisualStudioVersion = 10.0.40219.1
Project("{FAE04EC0-301F-11D3-BF4B-00C04F79EFBC}") = "Lab3Task1", "Lab3Task1\Lab3Task1.csproj", "{9F337EDD-494D-4FB2-AFA4-ED7BB593B2F7}"
EndProject
Project("{FAE04EC0-301F-11D3-BF4B-00C04F79EFBC}") = "Lab3Task2", "Lab3Task2\Lab3Task2.csproj", "{03A141E6-C4D5-40A4-BE48-0269E746DDAC}"
EndProject
Project("{FAE04EC0-301F-11D3-BF4B-00C04F79EFBC}") = "Lab3Task3", "Lab3Task3\Lab3Task3.csproj", "{4F9A2138-6710-49B6-9A0B-B7BCF0A6AD2E}"
EndProject
Project("{FAE04EC0-301F-11D3-BF4B-00C04F79EFBC}") = "Lab3Task1Tests2", "Lab3Task1Tests2\Lab3Task1Tests2.csproj", "{6EC5DDB4-0209-4EBD-A247-D2B2381BBCE5}"
EndProject
Project("{FAE04EC0-301F-11D3-BF4B-00C04F79EFBC}") = "Lab3Task2Tests2", "Lab3Task2Tests2\Lab3Task2Tests2.csproj", "{D80F44A1-E46F-4575-B467-491CAD15279B}"
EndProject
Project("{FAE04EC0-301F-11D3-BF4B-00C04F79EFBC}") = "Lab3Task3Tests", "Lab3Task3Tests\Lab3Task3Tests.csproj", "{F8C2850A-F73B-40D7-B55D-CEC8D9673200}"
EndProject
Global
	GlobalSection(SolutionConfigurationPlatforms) = preSolution
		Debug|Any CPU = Debug|Any CPU
		Release|Any CPU = Release|Any CPU
	EndGlobalSection
	GlobalSection(ProjectConfigurationPlatforms) = postSolution
		{9F337EDD-494D-4FB2-AFA4-ED7BB593B2F7}.Debug|Any CPU.ActiveCfg = Debug|Any CPU
		{9F337EDD-494D-4FB2-AFA4-ED7BB593B2F7}.Debug|Any CPU.Build.0 = Debug|Any CPU
		{9F337EDD-494D-4FB2-AFA4-ED7BB593B2F7}.Release|Any CPU.ActiveCfg = Release|Any CPU
		{9F337EDD-494D-4FB2-AFA4-ED7BB593B2F7}.Release|Any CPU.Build.0 = Release|Any CPU
		{03A141E6-C4D5-40A4-BE48-0269E746DDAC}.Debug|Any CPU.ActiveCfg = Debug|Any CPU
		{03A141E6-C4D5-40A4-BE48-0269E746DDAC}.Debug|Any CPU.Build.0 = Debug|Any CPU
		{03A141E6-C4D5-40A4-BE48-0269E746DDAC}.Release|Any CPU.ActiveCfg = Release|Any CPU
		{03A141E6-C4D5-40A4-BE48-0269E746DDAC}.Release|Any CPU.Build.0 = Release|Any CPU
		{4F9A2138-6710-49B6-9A0B-B7BCF0A6AD2E}.Debug|Any CPU.ActiveCfg = Debug|Any CPU
		{4F9A2138-6710-49B6-9A0B-B7BCF0A6AD2E}.Debug|Any CPU.Build.0 = Debug|Any CPU
		{4F9A2138-6710-49B6-9A0B-B7BCF0A6AD2E}.Release|Any CPU.ActiveCfg = Release|Any CPU
		{4F9A2138-6710-49B6-9A0B-B7BCF0A6AD2E}.Release|Any CPU.Build.0 = Release|Any CPU
		{6EC5DDB4-0209-4EBD-A247-D2B2381BBCE5}.Debug|Any CPU.ActiveCfg = Debug|Any CPU
		{6EC5DDB4-0209-4EBD-A247-D2B2381BBCE5}.Debug|Any CPU.Build.0 = Debug|Any CPU
		{6EC5DDB4-0209-4EBD-A247-D2B2381BBCE5}.Release|Any CPU.ActiveCfg = Release|Any CPU
		{6EC5DDB4-0209-4EBD-A247-D2B2381BBCE5}.Release|Any CPU.Build.0 = Release|Any CPU
		{D80F44A1-E46F-4575-B467-491CAD15279B}.Debug|Any CPU.ActiveCfg = Debug|Any CPU
		{D80F44A1-E46F-4575-B467-491CAD15279B}.Debug|Any CPU.Build.0 = Debug|Any CPU
		{D80F44A1-E46F-4575-B467-491CAD15279B}.Release|Any CPU.ActiveCfg = Release|Any CPU
		{D80F44A1-E46F-4575-B467-491CAD15279B}.Release|Any CPU.Build.0 = Release|Any CPU
		{F8C2850A-F73B-40D7-B55D-CEC8D9673200}.Debug|Any CPU.ActiveCfg = Debug|Any CPU
		{F8C2850A-F73B-40D7-B55D-CEC8D9673200}.Debug|Any CPU.Build.0 = Debug|Any CPU
		{F8C2850A-F73B-40D7-B55D-CEC8D9673200}.Release|Any CPU.ActiveCfg = Release|Any CPU
		{F8C2850A-F73B-40D7-B55D-CEC8D9673200}.Release|Any CPU.Build.0 = Release|Any CPU
	EndGlobalSection
	GlobalSection(SolutionProperties) = preSolution
		HideSolutionNode = FALSE
	EndGlobalSection
	GlobalSection(ExtensibilityGlobals) = postSolution
		SolutionGuid = {6D3AAC1D-72F7-492F-8BD0-4D166741C9D8}
	EndGlobalSection
EndGlobal
