
Microsoft Visual Studio Solution File, Format Version 12.00
# Visual Studio Version 16
VisualStudioVersion = 16.0.31515.178
MinimumVisualStudioVersion = 10.0.40219.1
Project("{FAE04EC0-301F-11D3-BF4B-00C04F79EFBC}") = "lab6", "lab6\lab6.csproj", "{B86D3616-E753-45C5-B2CE-DB9A84175CC9}"
EndProject
Global
	GlobalSection(SolutionConfigurationPlatforms) = preSolution
		Debug|Any CPU = Debug|Any CPU
		Release|Any CPU = Release|Any CPU
	EndGlobalSection
	GlobalSection(ProjectConfigurationPlatforms) = postSolution
		{B86D3616-E753-45C5-B2CE-DB9A84175CC9}.Debug|Any CPU.ActiveCfg = Debug|Any CPU
		{B86D3616-E753-45C5-B2CE-DB9A84175CC9}.Debug|Any CPU.Build.0 = Debug|Any CPU
		{B86D3616-E753-45C5-B2CE-DB9A84175CC9}.Release|Any CPU.ActiveCfg = Release|Any CPU
		{B86D3616-E753-45C5-B2CE-DB9A84175CC9}.Release|Any CPU.Build.0 = Release|Any CPU
	EndGlobalSection
	GlobalSection(SolutionProperties) = preSolution
		HideSolutionNode = FALSE
	EndGlobalSection
	GlobalSection(ExtensibilityGlobals) = postSolution
		SolutionGuid = {40F79BA8-13F5-4C4F-91F3-A6837736AB92}
	EndGlobalSection
EndGlobal
